// !$*UTF8*$!
{
	archiveVersion = 1;
	classes = {
	};
	objectVersion = 46;
	objects = {

/* Begin PBXBuildFile section */
		7D06F13D1A0C6C8700A656D7 /* main.m in Sources */ = {isa = PBXBuildFile; fileRef = 7D06F13C1A0C6C8700A656D7 /* main.m */; };
		7D06F1401A0C6C8700A656D7 /* AppDelegate.m in Sources */ = {isa = PBXBuildFile; fileRef = 7D06F13F1A0C6C8700A656D7 /* AppDelegate.m */; };
		7D06F1431A0C6C8700A656D7 /* MasterViewController.m in Sources */ = {isa = PBXBuildFile; fileRef = 7D06F1421A0C6C8700A656D7 /* MasterViewController.m */; };
		7D06F1461A0C6C8700A656D7 /* DetailViewController.m in Sources */ = {isa = PBXBuildFile; fileRef = 7D06F1451A0C6C8700A656D7 /* DetailViewController.m */; };
		7D06F1491A0C6C8700A656D7 /* Main.storyboard in Resources */ = {isa = PBXBuildFile; fileRef = 7D06F1471A0C6C8700A656D7 /* Main.storyboard */; };
		7D06F14B1A0C6C8700A656D7 /* Images.xcassets in Resources */ = {isa = PBXBuildFile; fileRef = 7D06F14A1A0C6C8700A656D7 /* Images.xcassets */; };
		7D06F14E1A0C6C8700A656D7 /* LaunchScreen.xib in Resources */ = {isa = PBXBuildFile; fileRef = 7D06F14C1A0C6C8700A656D7 /* LaunchScreen.xib */; };
		7D06F15A1A0C6C8700A656D7 /* testTests.m in Sources */ = {isa = PBXBuildFile; fileRef = 7D06F1591A0C6C8700A656D7 /* testTests.m */; };
/* End PBXBuildFile section */

/* Begin PBXContainerItemProxy section */
		7D06F1541A0C6C8700A656D7 /* PBXContainerItemProxy */ = {
			isa = PBXContainerItemProxy;
			containerPortal = 7D06F12F1A0C6C8700A656D7 /* Project object */;
			proxyType = 1;
			remoteGlobalIDString = 7D06F1361A0C6C8700A656D7;
			remoteInfo = test;
		};
/* End PBXContainerItemProxy section */

/* Begin PBXFileReference section */
		7D06F1371A0C6C8700A656D7 /* test.app */ = {isa = PBXFileReference; explicitFileType = wrapper.application; includeInIndex = 0; path = test.app; sourceTree = BUILT_PRODUCTS_DIR; };
		7D06F13B1A0C6C8700A656D7 /* Info.plist */ = {isa = PBXFileReference; lastKnownFileType = text.plist.xml; path = Info.plist; sourceTree = "<group>"; };
		7D06F13C1A0C6C8700A656D7 /* main.m */ = {isa = PBXFileReference; lastKnownFileType = sourcecode.c.objc; path = main.m; sourceTree = "<group>"; };
		7D06F13E1A0C6C8700A656D7 /* AppDelegate.h */ = {isa = PBXFileReference; lastKnownFileType = sourcecode.c.h; path = AppDelegate.h; sourceTree = "<group>"; };
		7D06F13F1A0C6C8700A656D7 /* AppDelegate.m */ = {isa = PBXFileReference; lastKnownFileType = sourcecode.c.objc; path = AppDelegate.m; sourceTree = "<group>"; };
		7D06F1411A0C6C8700A656D7 /* MasterViewController.h */ = {isa = PBXFileReference; lastKnownFileType = sourcecode.c.h; path = MasterViewController.h; sourceTree = "<group>"; };
		7D06F1421A0C6C8700A656D7 /* MasterViewController.m */ = {isa = PBXFileReference; lastKnownFileType = sourcecode.c.objc; path = MasterViewController.m; sourceTree = "<group>"; };
		7D06F1441A0C6C8700A656D7 /* DetailViewController.h */ = {isa = PBXFileReference; lastKnownFileType = sourcecode.c.h; path = DetailViewController.h; sourceTree = "<group>"; };
		7D06F1451A0C6C8700A656D7 /* DetailViewController.m */ = {isa = PBXFileReference; lastKnownFileType = sourcecode.c.objc; path = DetailViewController.m; sourceTree = "<group>"; };
		7D06F1481A0C6C8700A656D7 /* Base */ = {isa = PBXFileReference; lastKnownFileType = file.storyboard; name = Base; path = Base.lproj/Main.storyboard; sourceTree = "<group>"; };
		7D06F14A1A0C6C8700A656D7 /* Images.xcassets */ = {isa = PBXFileReference; lastKnownFileType = folder.assetcatalog; path = Images.xcassets; sourceTree = "<group>"; };
		7D06F14D1A0C6C8700A656D7 /* Base */ = {isa = PBXFileReference; lastKnownFileType = file.xib; name = Base; path = Base.lproj/LaunchScreen.xib; sourceTree = "<group>"; };
		7D06F1531A0C6C8700A656D7 /* testTests.xctest */ = {isa = PBXFileReference; explicitFileType = wrapper.cfbundle; includeInIndex = 0; path = testTests.xctest; sourceTree = BUILT_PRODUCTS_DIR; };
		7D06F1581A0C6C8700A656D7 /* Info.plist */ = {isa = PBXFileReference; lastKnownFileType = text.plist.xml; path = Info.plist; sourceTree = "<group>"; };
		7D06F1591A0C6C8700A656D7 /* testTests.m */ = {isa = PBXFileReference; lastKnownFileType = sourcecode.c.objc; path = testTests.m; sourceTree = "<group>"; };
/* End PBXFileReference section */

/* Begin PBXFrameworksBuildPhase section */
		7D06F1341A0C6C8700A656D7 /* Frameworks */ = {
			isa = PBXFrameworksBuildPhase;
			buildActionMask = 2147483647;
			files = (
			);
			runOnlyForDeploymentPostprocessing = 0;
		};
		7D06F1501A0C6C8700A656D7 /* Frameworks */ = {
			isa = PBXFrameworksBuildPhase;
			buildActionMask = 2147483647;
			files = (
			);
			runOnlyForDeploymentPostprocessing = 0;
		};
/* End PBXFrameworksBuildPhase section */

/* Begin PBXGroup section */
		7D06F12E1A0C6C8700A656D7 = {
			isa = PBXGroup;
			children = (
				7D06F1391A0C6C8700A656D7 /* test */,
				7D06F1561A0C6C8700A656D7 /* testTests */,
				7D06F1381A0C6C8700A656D7 /* Products */,
			);
			sourceTree = "<group>";
		};
		7D06F1381A0C6C8700A656D7 /* Products */ = {
			isa = PBXGroup;
			children = (
				7D06F1371A0C6C8700A656D7 /* test.app */,
				7D06F1531A0C6C8700A656D7 /* testTests.xctest */,
			);
			name = Products;
			sourceTree = "<group>";
		};
		7D06F1391A0C6C8700A656D7 /* test */ = {
			isa = PBXGroup;
			children = (
				7D06F13E1A0C6C8700A656D7 /* AppDelegate.h */,
				7D06F13F1A0C6C8700A656D7 /* AppDelegate.m */,
				7D06F1411A0C6C8700A656D7 /* MasterViewController.h */,
				7D06F1421A0C6C8700A656D7 /* MasterViewController.m */,
				7D06F1441A0C6C8700A656D7 /* DetailViewController.h */,
				7D06F1451A0C6C8700A656D7 /* DetailViewController.m */,
				7D06F1471A0C6C8700A656D7 /* Main.storyboard */,
				7D06F14A1A0C6C8700A656D7 /* Images.xcassets */,
				7D06F14C1A0C6C8700A656D7 /* LaunchScreen.xib */,
				7D06F13A1A0C6C8700A656D7 /* Supporting Files */,
			);
			path = test;
			sourceTree = "<group>";
		};
		7D06F13A1A0C6C8700A656D7 /* Supporting Files */ = {
			isa = PBXGroup;
			children = (
				7D06F13B1A0C6C8700A656D7 /* Info.plist */,
				7D06F13C1A0C6C8700A656D7 /* main.m */,
			);
			name = "Supporting Files";
			sourceTree = "<group>";
		};
		7D06F1561A0C6C8700A656D7 /* testTests */ = {
			isa = PBXGroup;
			children = (
				7D06F1591A0C6C8700A656D7 /* testTests.m */,
				7D06F1571A0C6C8700A656D7 /* Supporting Files */,
			);
			path = testTests;
			sourceTree = "<group>";
		};
		7D06F1571A0C6C8700A656D7 /* Supporting Files */ = {
			isa = PBXGroup;
			children = (
				7D06F1581A0C6C8700A656D7 /* Info.plist */,
			);
			name = "Supporting Files";
			sourceTree = "<group>";
		};
/* End PBXGroup section */

/* Begin PBXNativeTarget section */
		7D06F1361A0C6C8700A656D7 /* test */ = {
			isa = PBXNativeTarget;
			buildConfigurationList = 7D06F15D1A0C6C8700A656D7 /* Build configuration list for PBXNativeTarget "test" */;
			buildPhases = (
				7D06F1331A0C6C8700A656D7 /* Sources */,
				7D06F1341A0C6C8700A656D7 /* Frameworks */,
				7D06F1351A0C6C8700A656D7 /* Resources */,
			);
			buildRules = (
			);
			dependencies = (
			);
			name = test;
			productName = test;
			productReference = 7D06F1371A0C6C8700A656D7 /* test.app */;
			productType = "com.apple.product-type.application";
		};
		7D06F1521A0C6C8700A656D7 /* testTests */ = {
			isa = PBXNativeTarget;
			buildConfigurationList = 7D06F1601A0C6C8700A656D7 /* Build configuration list for PBXNativeTarget "testTests" */;
			buildPhases = (
				7D06F14F1A0C6C8700A656D7 /* Sources */,
				7D06F1501A0C6C8700A656D7 /* Frameworks */,
				7D06F1511A0C6C8700A656D7 /* Resources */,
			);
			buildRules = (
			);
			dependencies = (
				7D06F1551A0C6C8700A656D7 /* PBXTargetDependency */,
			);
			name = testTests;
			productName = testTests;
			productReference = 7D06F1531A0C6C8700A656D7 /* testTests.xctest */;
			productType = "com.apple.product-type.bundle.unit-test";
		};
/* End PBXNativeTarget section */

/* Begin PBXProject section */
		7D06F12F1A0C6C8700A656D7 /* Project object */ = {
			isa = PBXProject;
			attributes = {
				LastUpgradeCheck = 0610;
				ORGANIZATIONNAME = michael;
				TargetAttributes = {
					7D06F1361A0C6C8700A656D7 = {
						CreatedOnToolsVersion = 6.1;
					};
					7D06F1521A0C6C8700A656D7 = {
						CreatedOnToolsVersion = 6.1;
						TestTargetID = 7D06F1361A0C6C8700A656D7;
					};
				};
			};
			buildConfigurationList = 7D06F1321A0C6C8700A656D7 /* Build configuration list for PBXProject "test" */;
			compatibilityVersion = "Xcode 3.2";
			developmentRegion = English;
			hasScannedForEncodings = 0;
			knownRegions = (
				en,
				Base,
			);
			mainGroup = 7D06F12E1A0C6C8700A656D7;
			productRefGroup = 7D06F1381A0C6C8700A656D7 /* Products */;
			projectDirPath = "";
			projectRoot = "";
			targets = (
				7D06F1361A0C6C8700A656D7 /* test */,
				7D06F1521A0C6C8700A656D7 /* testTests */,
			);
		};
/* End PBXProject section */

/* Begin PBXResourcesBuildPhase section */
		7D06F1351A0C6C8700A656D7 /* Resources */ = {
			isa = PBXResourcesBuildPhase;
			buildActionMask = 2147483647;
			files = (
				7D06F1491A0C6C8700A656D7 /* Main.storyboard in Resources */,
				7D06F14E1A0C6C8700A656D7 /* LaunchScreen.xib in Resources */,
				7D06F14B1A0C6C8700A656D7 /* Images.xcassets in Resources */,
			);
			runOnlyForDeploymentPostprocessing = 0;
		};
		7D06F1511A0C6C8700A656D7 /* Resources */ = {
			isa = PBXResourcesBuildPhase;
			buildActionMask = 2147483647;
			files = (
			);
			runOnlyForDeploymentPostprocessing = 0;
		};
/* End PBXResourcesBuildPhase section */

/* Begin PBXSourcesBuildPhase section */
		7D06F1331A0C6C8700A656D7 /* Sources */ = {
			isa = PBXSourcesBuildPhase;
			buildActionMask = 2147483647;
			files = (
				7D06F1401A0C6C8700A656D7 /* AppDelegate.m in Sources */,
				7D06F1431A0C6C8700A656D7 /* MasterViewController.m in Sources */,
				7D06F13D1A0C6C8700A656D7 /* main.m in Sources */,
				7D06F1461A0C6C8700A656D7 /* DetailViewController.m in Sources */,
			);
			runOnlyForDeploymentPostprocessing = 0;
		};
		7D06F14F1A0C6C8700A656D7 /* Sources */ = {
			isa = PBXSourcesBuildPhase;
			buildActionMask = 2147483647;
			files = (
				7D06F15A1A0C6C8700A656D7 /* testTests.m in Sources */,
			);
			runOnlyForDeploymentPostprocessing = 0;
		};
/* End PBXSourcesBuildPhase section */

/* Begin PBXTargetDependency section */
		7D06F1551A0C6C8700A656D7 /* PBXTargetDependency */ = {
			isa = PBXTargetDependency;
			target = 7D06F1361A0C6C8700A656D7 /* test */;
			targetProxy = 7D06F1541A0C6C8700A656D7 /* PBXContainerItemProxy */;
		};
/* End PBXTargetDependency section */

/* Begin PBXVariantGroup section */
		7D06F1471A0C6C8700A656D7 /* Main.storyboard */ = {
			isa = PBXVariantGroup;
			children = (
				7D06F1481A0C6C8700A656D7 /* Base */,
			);
			name = Main.storyboard;
			sourceTree = "<group>";
		};
		7D06F14C1A0C6C8700A656D7 /* LaunchScreen.xib */ = {
			isa = PBXVariantGroup;
			children = (
				7D06F14D1A0C6C8700A656D7 /* Base */,
			);
			name = LaunchScreen.xib;
			sourceTree = "<group>";
		};
/* End PBXVariantGroup section */

/* Begin XCBuildConfiguration section */
		7D06F15B1A0C6C8700A656D7 /* Debug */ = {
			isa = XCBuildConfiguration;
			buildSettings = {
				ALWAYS_SEARCH_USER_PATHS = NO;
				CLANG_CXX_LANGUAGE_STANDARD = "gnu++0x";
				CLANG_CXX_LIBRARY = "libc++";
				CLANG_ENABLE_MODULES = YES;
				CLANG_ENABLE_OBJC_ARC = YES;
				CLANG_WARN_BOOL_CONVERSION = YES;
				CLANG_WARN_CONSTANT_CONVERSION = YES;
				CLANG_WARN_DIRECT_OBJC_ISA_USAGE = YES_ERROR;
				CLANG_WARN_EMPTY_BODY = YES;
				CLANG_WARN_ENUM_CONVERSION = YES;
				CLANG_WARN_INT_CONVERSION = YES;
				CLANG_WARN_OBJC_ROOT_CLASS = YES_ERROR;
				CLANG_WARN_UNREACHABLE_CODE = YES;
				CLANG_WARN__DUPLICATE_METHOD_MATCH = YES;
				"CODE_SIGN_IDENTITY[sdk=iphoneos*]" = "iPhone Developer";
				COPY_PHASE_STRIP = NO;
				ENABLE_STRICT_OBJC_MSGSEND = YES;
				GCC_C_LANGUAGE_STANDARD = gnu99;
				GCC_DYNAMIC_NO_PIC = NO;
				GCC_OPTIMIZATION_LEVEL = 0;
				GCC_PREPROCESSOR_DEFINITIONS = (
					"DEBUG=1",
					"$(inherited)",
				);
				GCC_SYMBOLS_PRIVATE_EXTERN = NO;
				GCC_WARN_64_TO_32_BIT_CONVERSION = YES;
				GCC_WARN_ABOUT_RETURN_TYPE = YES_ERROR;
				GCC_WARN_UNDECLARED_SELECTOR = YES;
				GCC_WARN_UNINITIALIZED_AUTOS = YES_AGGRESSIVE;
				GCC_WARN_UNUSED_FUNCTION = YES;
				GCC_WARN_UNUSED_VARIABLE = YES;
				IPHONEOS_DEPLOYMENT_TARGET = 8.1;
				MTL_ENABLE_DEBUG_INFO = YES;
				ONLY_ACTIVE_ARCH = YES;
				SDKROOT = iphoneos;
				TARGETED_DEVICE_FAMILY = "1,2";
			};
			name = Debug;
		};
		7D06F15C1A0C6C8700A656D7 /* Release */ = {
			isa = XCBuildConfiguration;
			buildSettings = {
				ALWAYS_SEARCH_USER_PATHS = NO;
				CLANG_CXX_LANGUAGE_STANDARD = "gnu++0x";
				CLANG_CXX_LIBRARY = "libc++";
				CLANG_ENABLE_MODULES = YES;
				CLANG_ENABLE_OBJC_ARC = YES;
				CLANG_WARN_BOOL_CONVERSION = YES;
				CLANG_WARN_CONSTANT_CONVERSION = YES;
				CLANG_WARN_DIRECT_OBJC_ISA_USAGE = YES_ERROR;
				CLANG_WARN_EMPTY_BODY = YES;
				CLANG_WARN_ENUM_CONVERSION = YES;
				CLANG_WARN_INT_CONVERSION = YES;
				CLANG_WARN_OBJC_ROOT_CLASS = YES_ERROR;
				CLANG_WARN_UNREACHABLE_CODE = YES;
				CLANG_WARN__DUPLICATE_METHOD_MATCH = YES;
				"CODE_SIGN_IDENTITY[sdk=iphoneos*]" = "iPhone Developer";
				COPY_PHASE_STRIP = YES;
				ENABLE_NS_ASSERTIONS = NO;
				ENABLE_STRICT_OBJC_MSGSEND = YES;
				GCC_C_LANGUAGE_STANDARD = gnu99;
				GCC_WARN_64_TO_32_BIT_CONVERSION = YES;
				GCC_WARN_ABOUT_RETURN_TYPE = YES_ERROR;
				GCC_WARN_UNDECLARED_SELECTOR = YES;
				GCC_WARN_UNINITIALIZED_AUTOS = YES_AGGRESSIVE;
				GCC_WARN_UNUSED_FUNCTION = YES;
				GCC_WARN_UNUSED_VARIABLE = YES;
				IPHONEOS_DEPLOYMENT_TARGET = 8.1;
				MTL_ENABLE_DEBUG_INFO = NO;
				SDKROOT = iphoneos;
				TARGETED_DEVICE_FAMILY = "1,2";
				VALIDATE_PRODUCT = YES;
			};
			name = Release;
		};
		7D06F15E1A0C6C8700A656D7 /* Debug */ = {
			isa = XCBuildConfiguration;
			buildSettings = {
				ASSETCATALOG_COMPILER_APPICON_NAME = AppIcon;
				INFOPLIST_FILE = test/Info.plist;
				LD_RUNPATH_SEARCH_PATHS = "$(inherited) @executable_path/Frameworks";
				PRODUCT_NAME = "$(TARGET_NAME)";
			};
			name = Debug;
		};
		7D06F15F1A0C6C8700A656D7 /* Release */ = {
			isa = XCBuildConfiguration;
			buildSettings = {
				ASSETCATALOG_COMPILER_APPICON_NAME = AppIcon;
				INFOPLIST_FILE = test/Info.plist;
				LD_RUNPATH_SEARCH_PATHS = "$(inherited) @executable_path/Frameworks";
				PRODUCT_NAME = "$(TARGET_NAME)";
			};
			name = Release;
		};
		7D06F1611A0C6C8700A656D7 /* Debug */ = {
			isa = XCBuildConfiguration;
			buildSettings = {
				BUNDLE_LOADER = "$(TEST_HOST)";
				FRAMEWORK_SEARCH_PATHS = (
					"$(SDKROOT)/Developer/Library/Frameworks",
					"$(inherited)",
				);
				GCC_PREPROCESSOR_DEFINITIONS = (
					"DEBUG=1",
					"$(inherited)",
				);
				INFOPLIST_FILE = testTests/Info.plist;
				LD_RUNPATH_SEARCH_PATHS = "$(inherited) @executable_path/Frameworks @loader_path/Frameworks";
				PRODUCT_NAME = "$(TARGET_NAME)";
				TEST_HOST = "$(BUILT_PRODUCTS_DIR)/test.app/test";
			};
			name = Debug;
		};
		7D06F1621A0C6C8700A656D7 /* Release */ = {
			isa = XCBuildConfiguration;
			buildSettings = {
				BUNDLE_LOADER = "$(TEST_HOST)";
				FRAMEWORK_SEARCH_PATHS = (
					"$(SDKROOT)/Developer/Library/Frameworks",
					"$(inherited)",
				);
				INFOPLIST_FILE = testTests/Info.plist;
				LD_RUNPATH_SEARCH_PATHS = "$(inherited) @executable_path/Frameworks @loader_path/Frameworks";
				PRODUCT_NAME = "$(TARGET_NAME)";
				TEST_HOST = "$(BUILT_PRODUCTS_DIR)/test.app/test";
			};
			name = Release;
		};
/* End XCBuildConfiguration section */

/* Begin XCConfigurationList section */
		7D06F1321A0C6C8700A656D7 /* Build configuration list for PBXProject "test" */ = {
			isa = XCConfigurationList;
			buildConfigurations = (
				7D06F15B1A0C6C8700A656D7 /* Debug */,
				7D06F15C1A0C6C8700A656D7 /* Release */,
			);
			defaultConfigurationIsVisible = 0;
			defaultConfigurationName = Release;
		};
		7D06F15D1A0C6C8700A656D7 /* Build configuration list for PBXNativeTarget "test" */ = {
			isa = XCConfigurationList;
			buildConfigurations = (
				7D06F15E1A0C6C8700A656D7 /* Debug */,
				7D06F15F1A0C6C8700A656D7 /* Release */,
			);
			defaultConfigurationIsVisible = 0;
		};
		7D06F1601A0C6C8700A656D7 /* Build configuration list for PBXNativeTarget "testTests" */ = {
			isa = XCConfigurationList;
			buildConfigurations = (
				7D06F1611A0C6C8700A656D7 /* Debug */,
				7D06F1621A0C6C8700A656D7 /* Release */,
			);
			defaultConfigurationIsVisible = 0;
		};
/* End XCConfigurationList section */
	};
	rootObject = 7D06F12F1A0C6C8700A656D7 /* Project object */;
}
